
Microsoft Visual Studio Solution File, Format Version 12.00
# Visual Studio Version 17
VisualStudioVersion = 17.12.35527.113 d17.12
MinimumVisualStudioVersion = 10.0.40219.1
Project("{FAE04EC0-301F-11D3-BF4B-00C04F79EFBC}") = "DataGupe", "DataGupe\DataGupe.csproj", "{189815B4-AA0E-445E-A580-0CEF3B22F92C}"
EndProject
Project("{FAE04EC0-301F-11D3-BF4B-00C04F79EFBC}") = "DataGupeTests", "DataGupeTests\DataGupeTests.csproj", "{F4FECE2C-5C8E-49BF-ADC0-7B1EC14CEB86}"
EndProject
Global
	GlobalSection(SolutionConfigurationPlatforms) = preSolution
		Debug|Any CPU = Debug|Any CPU
		Release|Any CPU = Release|Any CPU
	EndGlobalSection
	GlobalSection(ProjectConfigurationPlatforms) = postSolution
		{189815B4-AA0E-445E-A580-0CEF3B22F92C}.Debug|Any CPU.ActiveCfg = Debug|Any CPU
		{189815B4-AA0E-445E-A580-0CEF3B22F92C}.Debug|Any CPU.Build.0 = Debug|Any CPU
		{189815B4-AA0E-445E-A580-0CEF3B22F92C}.Release|Any CPU.ActiveCfg = Release|Any CPU
		{189815B4-AA0E-445E-A580-0CEF3B22F92C}.Release|Any CPU.Build.0 = Release|Any CPU
		{F4FECE2C-5C8E-49BF-ADC0-7B1EC14CEB86}.Debug|Any CPU.ActiveCfg = Debug|Any CPU
		{F4FECE2C-5C8E-49BF-ADC0-7B1EC14CEB86}.Debug|Any CPU.Build.0 = Debug|Any CPU
		{F4FECE2C-5C8E-49BF-ADC0-7B1EC14CEB86}.Release|Any CPU.ActiveCfg = Release|Any CPU
		{F4FECE2C-5C8E-49BF-ADC0-7B1EC14CEB86}.Release|Any CPU.Build.0 = Release|Any CPU
	EndGlobalSection
	GlobalSection(SolutionProperties) = preSolution
		HideSolutionNode = FALSE
	EndGlobalSection
EndGlobal
